<?xml version="1.0" encoding="utf-8"?>
<Project ToolsVersion="4.0" xmlns="http://schemas.microsoft.com/developer/msbuild/2003">
  <ItemGroup>
    <Filter Include="Source Files">
      <UniqueIdentifier>{4FC737F1-C7A5-4376-A066-2A32D752A2FF}</UniqueIdentifier>
      <Extensions>cpp;c;cc;cxx;c++;cppm;ixx;def;odl;idl;hpj;bat;asm;asmx</Extensions>
    </Filter>
    <Filter Include="Header Files">
      <UniqueIdentifier>{93995380-89BD-4b04-88EB-625FBE52EBFB}</UniqueIdentifier>
      <Extensions>h;hh;hpp;hxx;h++;hm;inl;inc;ipp;xsd</Extensions>
    </Filter>
    <Filter Include="Resource Files">
      <UniqueIdentifier>{67DA6AB6-F800-4c08-8B7A-83BB121AAD01}</UniqueIdentifier>
      <Extensions>rc;ico;cur;bmp;dlg;rc2;rct;bin;rgs;gif;jpg;jpeg;jpe;resx;tiff;tif;png;wav;mfcribbon-ms</Extensions>
    </Filter>
  </ItemGroup>
  <ItemGroup>
    <ClCompile Include="Benchmark.cpp">
      <Filter>Source Files</Filter>
    </ClCompile>
    <ClCompile Include="002 Minutes into Seconds.cpp">
      <Filter>Source Files</Filter>
    </ClCompile>
    <ClCompile Include="000 True.cpp">
      <Filter>Source Files</Filter>
    </ClCompile>
    <ClCompile Include="001 Sum of Two Numbers.cpp">
      <Filter>Source Files</Filter>
    </ClCompile>
    <ClCompile Include="003 Next Number from the Integer Passed.cpp">
      <Filter>Source Files</Filter>
    </ClCompile>
    <ClCompile Include="004 Circuit Power Calculator.cpp">
      <Filter>Source Files</Filter>
    </ClCompile>
    <ClCompile Include="005 Convert Age to Days.cpp">
      <Filter>Source Files</Filter>
    </ClCompile>
    <ClCompile Include="006 Area of a Triangle.cpp">
      <Filter>Source Files</Filter>
    </ClCompile>
    <ClCompile Include="007 Remainder from Two Numbers.cpp">
      <Filter>Source Files</Filter>
    </ClCompile>
    <ClCompile Include="008 Less than or Equal to Zero.cpp">
      <Filter>Source Files</Filter>
    </ClCompile>
    <ClCompile Include="009 Less Than 100.cpp">
      <Filter>Source Files</Filter>
    </ClCompile>
    <ClCompile Include="010 Are the Numbers Equal.cpp">
      <Filter>Source Files</Filter>
    </ClCompile>
    <ClCompile Include="011 Return Something to Me.cpp">
      <Filter>Source Files</Filter>
    </ClCompile>
    <ClCompile Include="012 Flip the Boolean.cpp">
      <Filter>Source Files</Filter>
    </ClCompile>
    <ClCompile Include="013 Convert Hours into Seconds.cpp">
      <Filter>Source Files</Filter>
    </ClCompile>
    <ClCompile Include="014 Sum of Polygon Angles.cpp">
      <Filter>Source Files</Filter>
    </ClCompile>
    <ClCompile Include="015 Are the Numbers Equal.cpp">
      <Filter>Source Files</Filter>
    </ClCompile>
    <ClCompile Include="016 Basic Variable Assignment.cpp">
      <Filter>Source Files</Filter>
    </ClCompile>
    <ClCompile Include="017 Using the And Operator.cpp">
      <Filter>Source Files</Filter>
    </ClCompile>
    <ClCompile Include="018 Basketball Points.cpp">
      <Filter>Source Files</Filter>
    </ClCompile>
    <ClCompile Include="019 Perimeter of a Rectangle.cpp">
      <Filter>Source Files</Filter>
    </ClCompile>
    <ClCompile Include="020 Name Greeting.cpp">
      <Filter>Source Files</Filter>
    </ClCompile>
    <ClCompile Include="021 The Farm Problem.cpp">
      <Filter>Source Files</Filter>
    </ClCompile>
    <ClCompile Include="022 Football Points.cpp">
      <Filter>Source Files</Filter>
    </ClCompile>
    <ClCompile Include="023 First Element in an Array.cpp">
      <Filter>Source Files</Filter>
    </ClCompile>
    <ClCompile Include="024 Hours and Minutes into Seconds.cpp">
      <Filter>Source Files</Filter>
    </ClCompile>
    <ClCompile Include="025 Buggy Code.cpp">
      <Filter>Source Files</Filter>
    </ClCompile>
    <ClCompile Include="026 Maximum Edge of a Triangle.cpp">
      <Filter>Source Files</Filter>
    </ClCompile>
    <ClCompile Include="027 Inches to Feet.cpp">
      <Filter>Source Files</Filter>
    </ClCompile>
    <ClCompile Include="028 Integer is Divisible By Five.cpp">
      <Filter>Source Files</Filter>
    </ClCompile>
  </ItemGroup>
  <ItemGroup>
    <ClInclude Include="Benchmark.h">
      <Filter>Header Files</Filter>
    </ClInclude>
    <ClInclude Include="resource.h">
      <Filter>Header Files</Filter>
    </ClInclude>
    <ClInclude Include="000 True.h">
      <Filter>Header Files</Filter>
    </ClInclude>
    <ClInclude Include="001 Sum of Two Numbers.h">
      <Filter>Header Files</Filter>
    </ClInclude>
    <ClInclude Include="003 Next Number from the Integer Passed.h">
      <Filter>Header Files</Filter>
    </ClInclude>
    <ClInclude Include="002 Minutes into Seconds.h">
      <Filter>Header Files</Filter>
    </ClInclude>
    <ClInclude Include="004 Circuit Power Calculator.h">
      <Filter>Header Files</Filter>
    </ClInclude>
    <ClInclude Include="005 Convert Age to Days.h">
      <Filter>Header Files</Filter>
    </ClInclude>
    <ClInclude Include="006 Area of a Triangle.h">
      <Filter>Header Files</Filter>
    </ClInclude>
    <ClInclude Include="007 Remainder from Two Numbers.h">
      <Filter>Header Files</Filter>
    </ClInclude>
    <ClInclude Include="008 Less than or Equal to Zero.h">
      <Filter>Header Files</Filter>
    </ClInclude>
    <ClInclude Include="009 Less Than 100.h">
      <Filter>Header Files</Filter>
    </ClInclude>
    <ClInclude Include="010 Are the Numbers Equal.h">
      <Filter>Header Files</Filter>
    </ClInclude>
    <ClInclude Include="011 Return Something to Me.h">
      <Filter>Header Files</Filter>
    </ClInclude>
    <ClInclude Include="012 Flip the Boolean.h">
      <Filter>Header Files</Filter>
    </ClInclude>
    <ClInclude Include="013 Convert Hours into Seconds.h">
      <Filter>Header Files</Filter>
    </ClInclude>
    <ClInclude Include="014 Sum of Polygon Angles.h">
      <Filter>Header Files</Filter>
    </ClInclude>
    <ClInclude Include="015 Are the Numbers Equal.h">
      <Filter>Header Files</Filter>
    </ClInclude>
    <ClInclude Include="016 Basic Variable Assignment.h">
      <Filter>Header Files</Filter>
    </ClInclude>
    <ClInclude Include="017 Using the And Operator.h">
      <Filter>Header Files</Filter>
    </ClInclude>
    <ClInclude Include="018 Basketball Points.h">
      <Filter>Header Files</Filter>
    </ClInclude>
    <ClInclude Include="019 Perimeter of a Rectangle.h">
      <Filter>Header Files</Filter>
    </ClInclude>
    <ClInclude Include="020 Name Greeting.h">
      <Filter>Header Files</Filter>
    </ClInclude>
    <ClInclude Include="021 The Farm Problem.h">
      <Filter>Header Files</Filter>
    </ClInclude>
    <ClInclude Include="022 Football Points.h">
      <Filter>Header Files</Filter>
    </ClInclude>
    <ClInclude Include="023 First Element in an Array.h">
      <Filter>Header Files</Filter>
    </ClInclude>
    <ClInclude Include="024 Hours and Minutes into Seconds.h">
      <Filter>Header Files</Filter>
    </ClInclude>
    <ClInclude Include="025 Buggy Code.h">
      <Filter>Header Files</Filter>
    </ClInclude>
    <ClInclude Include="026 Maximum Edge of a Triangle.h">
      <Filter>Header Files</Filter>
    </ClInclude>
    <ClInclude Include="027 Inches to Feet.h">
      <Filter>Header Files</Filter>
    </ClInclude>
    <ClInclude Include="028 Integer is Divisible By Five.h">
      <Filter>Header Files</Filter>
    </ClInclude>
  </ItemGroup>
  <ItemGroup>
    <ResourceCompile Include="ConsoleApplication1.rc">
      <Filter>Resource Files</Filter>
    </ResourceCompile>
  </ItemGroup>
  <ItemGroup>
    <None Include="packages.config" />
  </ItemGroup>
</Project>